
Microsoft Visual Studio Solution File, Format Version 12.00
# Visual Studio 15
VisualStudioVersion = 15.0.27130.2026
MinimumVisualStudioVersion = 10.0.40219.1
Project("{FAE04EC0-301F-11D3-BF4B-00C04F79EFBC}") = "TheRandomizer.Generators", "TheRandomizer.Generators\TheRandomizer.Generators.csproj", "{EBFB306F-121D-4C80-84C3-F7C334BA6C91}"
EndProject
Project("{FAE04EC0-301F-11D3-BF4B-00C04F79EFBC}") = "TheRandomizer.Utility", "TheRandomizer.Utility\TheRandomizer.Utility.csproj", "{DCEFF6E4-A559-4006-B5BF-80D84CC67D05}"
EndProject
Project("{FAE04EC0-301F-11D3-BF4B-00C04F79EFBC}") = "TheRandomizer.Generators.UnitTests", "TheRandomizer.Generators.UnitTests\TheRandomizer.Generators.UnitTests.csproj", "{C5B02E8B-61BD-4C02-B43B-080519A225C5}"
EndProject
Project("{FAE04EC0-301F-11D3-BF4B-00C04F79EFBC}") = "TheRandomizer.WebApp", "TheRandomizer.WebApp\TheRandomizer.WebApp.csproj", "{4BE0AC2B-0740-4E54-8DF4-B8F926D3FCF5}"
EndProject
Project("{FAE04EC0-301F-11D3-BF4B-00C04F79EFBC}") = "TheRandomizer.WinApp", "TheRandomizer.WinApp\TheRandomizer.WinApp.csproj", "{7D2A3511-40EC-47F1-94D4-89D12203A807}"
EndProject
Global
	GlobalSection(SolutionConfigurationPlatforms) = preSolution
		Debug|Any CPU = Debug|Any CPU
		Debug|x64 = Debug|x64
		Debug|x86 = Debug|x86
		Portable|Any CPU = Portable|Any CPU
		Portable|x64 = Portable|x64
		Portable|x86 = Portable|x86
		Release|Any CPU = Release|Any CPU
		Release|x64 = Release|x64
		Release|x86 = Release|x86
	EndGlobalSection
	GlobalSection(ProjectConfigurationPlatforms) = postSolution
		{EBFB306F-121D-4C80-84C3-F7C334BA6C91}.Debug|Any CPU.ActiveCfg = Debug|Any CPU
		{EBFB306F-121D-4C80-84C3-F7C334BA6C91}.Debug|Any CPU.Build.0 = Debug|Any CPU
		{EBFB306F-121D-4C80-84C3-F7C334BA6C91}.Debug|x64.ActiveCfg = Debug|x64
		{EBFB306F-121D-4C80-84C3-F7C334BA6C91}.Debug|x64.Build.0 = Debug|x64
		{EBFB306F-121D-4C80-84C3-F7C334BA6C91}.Debug|x86.ActiveCfg = Debug|Any CPU
		{EBFB306F-121D-4C80-84C3-F7C334BA6C91}.Debug|x86.Build.0 = Debug|Any CPU
		{EBFB306F-121D-4C80-84C3-F7C334BA6C91}.Portable|Any CPU.ActiveCfg = Portable|Any CPU
		{EBFB306F-121D-4C80-84C3-F7C334BA6C91}.Portable|Any CPU.Build.0 = Portable|Any CPU
		{EBFB306F-121D-4C80-84C3-F7C334BA6C91}.Portable|x64.ActiveCfg = Portable|x64
		{EBFB306F-121D-4C80-84C3-F7C334BA6C91}.Portable|x86.ActiveCfg = Portable|Any CPU
		{EBFB306F-121D-4C80-84C3-F7C334BA6C91}.Portable|x86.Build.0 = Portable|Any CPU
		{EBFB306F-121D-4C80-84C3-F7C334BA6C91}.Release|Any CPU.ActiveCfg = Release|Any CPU
		{EBFB306F-121D-4C80-84C3-F7C334BA6C91}.Release|Any CPU.Build.0 = Release|Any CPU
		{EBFB306F-121D-4C80-84C3-F7C334BA6C91}.Release|x64.ActiveCfg = Release|Any CPU
		{EBFB306F-121D-4C80-84C3-F7C334BA6C91}.Release|x86.ActiveCfg = Release|Any CPU
		{DCEFF6E4-A559-4006-B5BF-80D84CC67D05}.Debug|Any CPU.ActiveCfg = Debug|Any CPU
		{DCEFF6E4-A559-4006-B5BF-80D84CC67D05}.Debug|Any CPU.Build.0 = Debug|Any CPU
		{DCEFF6E4-A559-4006-B5BF-80D84CC67D05}.Debug|x64.ActiveCfg = Debug|x64
		{DCEFF6E4-A559-4006-B5BF-80D84CC67D05}.Debug|x64.Build.0 = Debug|x64
		{DCEFF6E4-A559-4006-B5BF-80D84CC67D05}.Debug|x86.ActiveCfg = Debug|Any CPU
		{DCEFF6E4-A559-4006-B5BF-80D84CC67D05}.Debug|x86.Build.0 = Debug|Any CPU
		{DCEFF6E4-A559-4006-B5BF-80D84CC67D05}.Portable|Any CPU.ActiveCfg = Portable|Any CPU
		{DCEFF6E4-A559-4006-B5BF-80D84CC67D05}.Portable|Any CPU.Build.0 = Portable|Any CPU
		{DCEFF6E4-A559-4006-B5BF-80D84CC67D05}.Portable|x64.ActiveCfg = Portable|x64
		{DCEFF6E4-A559-4006-B5BF-80D84CC67D05}.Portable|x86.ActiveCfg = Portable|Any CPU
		{DCEFF6E4-A559-4006-B5BF-80D84CC67D05}.Portable|x86.Build.0 = Portable|Any CPU
		{DCEFF6E4-A559-4006-B5BF-80D84CC67D05}.Release|Any CPU.ActiveCfg = Release|Any CPU
		{DCEFF6E4-A559-4006-B5BF-80D84CC67D05}.Release|Any CPU.Build.0 = Release|Any CPU
		{DCEFF6E4-A559-4006-B5BF-80D84CC67D05}.Release|x64.ActiveCfg = Release|Any CPU
		{DCEFF6E4-A559-4006-B5BF-80D84CC67D05}.Release|x86.ActiveCfg = Release|Any CPU
		{C5B02E8B-61BD-4C02-B43B-080519A225C5}.Debug|Any CPU.ActiveCfg = Debug|Any CPU
		{C5B02E8B-61BD-4C02-B43B-080519A225C5}.Debug|Any CPU.Build.0 = Debug|Any CPU
		{C5B02E8B-61BD-4C02-B43B-080519A225C5}.Debug|x64.ActiveCfg = Debug|x64
		{C5B02E8B-61BD-4C02-B43B-080519A225C5}.Debug|x64.Build.0 = Debug|x64
		{C5B02E8B-61BD-4C02-B43B-080519A225C5}.Debug|x86.ActiveCfg = Debug|Any CPU
		{C5B02E8B-61BD-4C02-B43B-080519A225C5}.Debug|x86.Build.0 = Debug|Any CPU
		{C5B02E8B-61BD-4C02-B43B-080519A225C5}.Portable|Any CPU.ActiveCfg = Portable|Any CPU
		{C5B02E8B-61BD-4C02-B43B-080519A225C5}.Portable|Any CPU.Build.0 = Portable|Any CPU
		{C5B02E8B-61BD-4C02-B43B-080519A225C5}.Portable|x64.ActiveCfg = Portable|x64
		{C5B02E8B-61BD-4C02-B43B-080519A225C5}.Portable|x86.ActiveCfg = Portable|Any CPU
		{C5B02E8B-61BD-4C02-B43B-080519A225C5}.Portable|x86.Build.0 = Portable|Any CPU
		{C5B02E8B-61BD-4C02-B43B-080519A225C5}.Release|Any CPU.ActiveCfg = Release|Any CPU
		{C5B02E8B-61BD-4C02-B43B-080519A225C5}.Release|Any CPU.Build.0 = Release|Any CPU
		{C5B02E8B-61BD-4C02-B43B-080519A225C5}.Release|x64.ActiveCfg = Release|Any CPU
		{C5B02E8B-61BD-4C02-B43B-080519A225C5}.Release|x86.ActiveCfg = Release|Any CPU
		{4BE0AC2B-0740-4E54-8DF4-B8F926D3FCF5}.Debug|Any CPU.ActiveCfg = Debug|Any CPU
		{4BE0AC2B-0740-4E54-8DF4-B8F926D3FCF5}.Debug|Any CPU.Build.0 = Debug|Any CPU
		{4BE0AC2B-0740-4E54-8DF4-B8F926D3FCF5}.Debug|x64.ActiveCfg = Debug|x64
		{4BE0AC2B-0740-4E54-8DF4-B8F926D3FCF5}.Debug|x64.Build.0 = Debug|x64
		{4BE0AC2B-0740-4E54-8DF4-B8F926D3FCF5}.Debug|x86.ActiveCfg = Debug|Any CPU
		{4BE0AC2B-0740-4E54-8DF4-B8F926D3FCF5}.Debug|x86.Build.0 = Debug|Any CPU
		{4BE0AC2B-0740-4E54-8DF4-B8F926D3FCF5}.Portable|Any CPU.ActiveCfg = Portable|Any CPU
		{4BE0AC2B-0740-4E54-8DF4-B8F926D3FCF5}.Portable|Any CPU.Build.0 = Portable|Any CPU
		{4BE0AC2B-0740-4E54-8DF4-B8F926D3FCF5}.Portable|x64.ActiveCfg = Portable|x64
		{4BE0AC2B-0740-4E54-8DF4-B8F926D3FCF5}.Portable|x64.Build.0 = Portable|x64
		{4BE0AC2B-0740-4E54-8DF4-B8F926D3FCF5}.Portable|x86.ActiveCfg = Portable|Any CPU
		{4BE0AC2B-0740-4E54-8DF4-B8F926D3FCF5}.Portable|x86.Build.0 = Portable|Any CPU
		{4BE0AC2B-0740-4E54-8DF4-B8F926D3FCF5}.Release|Any CPU.ActiveCfg = Release|Any CPU
		{4BE0AC2B-0740-4E54-8DF4-B8F926D3FCF5}.Release|Any CPU.Build.0 = Release|Any CPU
		{4BE0AC2B-0740-4E54-8DF4-B8F926D3FCF5}.Release|x64.ActiveCfg = Release|Any CPU
		{4BE0AC2B-0740-4E54-8DF4-B8F926D3FCF5}.Release|x64.Build.0 = Release|Any CPU
		{4BE0AC2B-0740-4E54-8DF4-B8F926D3FCF5}.Release|x86.ActiveCfg = Release|Any CPU
		{4BE0AC2B-0740-4E54-8DF4-B8F926D3FCF5}.Release|x86.Build.0 = Release|Any CPU
		{7D2A3511-40EC-47F1-94D4-89D12203A807}.Debug|Any CPU.ActiveCfg = Debug|Any CPU
		{7D2A3511-40EC-47F1-94D4-89D12203A807}.Debug|Any CPU.Build.0 = Debug|Any CPU
		{7D2A3511-40EC-47F1-94D4-89D12203A807}.Debug|x64.ActiveCfg = Debug|x64
		{7D2A3511-40EC-47F1-94D4-89D12203A807}.Debug|x64.Build.0 = Debug|x64
		{7D2A3511-40EC-47F1-94D4-89D12203A807}.Debug|x86.ActiveCfg = Debug|Any CPU
		{7D2A3511-40EC-47F1-94D4-89D12203A807}.Debug|x86.Build.0 = Debug|Any CPU
		{7D2A3511-40EC-47F1-94D4-89D12203A807}.Portable|Any CPU.ActiveCfg = Portable|Any CPU
		{7D2A3511-40EC-47F1-94D4-89D12203A807}.Portable|Any CPU.Build.0 = Portable|Any CPU
		{7D2A3511-40EC-47F1-94D4-89D12203A807}.Portable|x64.ActiveCfg = Portable|x64
		{7D2A3511-40EC-47F1-94D4-89D12203A807}.Portable|x64.Build.0 = Portable|x64
		{7D2A3511-40EC-47F1-94D4-89D12203A807}.Portable|x86.ActiveCfg = Portable|Any CPU
		{7D2A3511-40EC-47F1-94D4-89D12203A807}.Portable|x86.Build.0 = Portable|Any CPU
		{7D2A3511-40EC-47F1-94D4-89D12203A807}.Release|Any CPU.ActiveCfg = Release|Any CPU
		{7D2A3511-40EC-47F1-94D4-89D12203A807}.Release|Any CPU.Build.0 = Release|Any CPU
		{7D2A3511-40EC-47F1-94D4-89D12203A807}.Release|x64.ActiveCfg = Release|Any CPU
		{7D2A3511-40EC-47F1-94D4-89D12203A807}.Release|x64.Build.0 = Release|Any CPU
		{7D2A3511-40EC-47F1-94D4-89D12203A807}.Release|x86.ActiveCfg = Release|Any CPU
		{7D2A3511-40EC-47F1-94D4-89D12203A807}.Release|x86.Build.0 = Release|Any CPU
	EndGlobalSection
	GlobalSection(SolutionProperties) = preSolution
		HideSolutionNode = FALSE
	EndGlobalSection
	GlobalSection(ExtensibilityGlobals) = postSolution
		SolutionGuid = {371D17E2-3F8F-49E0-A060-A0048D4891B6}
	EndGlobalSection
EndGlobal
